
Microsoft Visual Studio Solution File, Format Version 12.00
# Visual Studio Version 17
VisualStudioVersion = 17.5.002.0
MinimumVisualStudioVersion = 10.0.40219.1
Project("{9A19103F-16F7-4668-BE54-9A1E7A4F7556}") = "Pendu C#", "Pendu C#.csproj", "{A5300B22-AFEA-4FE4-9912-08FA0FA8975D}"
EndProject
Global
	GlobalSection(SolutionConfigurationPlatforms) = preSolution
		Debug|Any CPU = Debug|Any CPU
		Release|Any CPU = Release|Any CPU
	EndGlobalSection
	GlobalSection(ProjectConfigurationPlatforms) = postSolution
		{A5300B22-AFEA-4FE4-9912-08FA0FA8975D}.Debug|Any CPU.ActiveCfg = Debug|Any CPU
		{A5300B22-AFEA-4FE4-9912-08FA0FA8975D}.Debug|Any CPU.Build.0 = Debug|Any CPU
		{A5300B22-AFEA-4FE4-9912-08FA0FA8975D}.Release|Any CPU.ActiveCfg = Release|Any CPU
		{A5300B22-AFEA-4FE4-9912-08FA0FA8975D}.Release|Any CPU.Build.0 = Release|Any CPU
	EndGlobalSection
	GlobalSection(SolutionProperties) = preSolution
		HideSolutionNode = FALSE
	EndGlobalSection
	GlobalSection(ExtensibilityGlobals) = postSolution
		SolutionGuid = {79AA0116-01A2-4632-9BC4-E5AB3A9A7E1D}
	EndGlobalSection
EndGlobal
